schema: '2.0'
stages:
  build-docker:
    cmd: calkit build-docker rvat-re-dep -i Dockerfile
    deps:
    - path: Dockerfile
      hash: md5
      md5: a7f2668f17bcd48abae4883436ed7e64
      size: 134
    outs:
    - path: Dockerfile-lock.json
      hash: md5
      md5: 0081c10f3b92f07e80deddc492986e4c
      size: 2077
