schema: '2.0'
stages:
  build-docker:
    cmd: calkit build-docker rvat-re-dep -i Dockerfile --platform linux/amd64
    deps:
    - path: Dockerfile
      hash: md5
      md5: 33f88aff8e870c342f15d9bbf9bbdc39
      size: 142
    outs:
    - path: Dockerfile-lock.json
      hash: md5
      md5: 78c4abfbc49f62835aebd8064104af3a
      size: 2077
  plot-perf-re-dep:
    cmd: calkit runenv -n main python plot.py perf_re_dep --save --no-show
    deps:
    - path: Data/Processed
      hash: md5
      md5: 4cb84fd93aad3d6f879c240458d624ae.dir
      size: 1312275
      nfiles: 19
    - path: Dockerfile-lock.json
      hash: md5
      md5: 78c4abfbc49f62835aebd8064104af3a
      size: 2077
    - path: plot.py
      hash: md5
      md5: ce7e27bd5ab6aa407723c4002889a705
      size: 3744
    - path: pyrvatrd/plotting.py
      hash: md5
      md5: a752d7c0523690d4f04f18b03d8b82a5
      size: 50282
    - path: pyrvatrd/processing.py
      hash: md5
      md5: 2a73dcddac5770ae41133cab673412dd
      size: 36057
    outs:
    - path: Figures/perf_re_dep.pdf
      hash: md5
      md5: f4af9800520e0b2a71c46eb95dfbea98
      size: 15291
  plot-perf-curves:
    cmd: calkit runenv -n main python plot.py perf_curves --save --no-show
    deps:
    - path: Data/Processed
      hash: md5
      md5: 4cb84fd93aad3d6f879c240458d624ae.dir
      size: 1312275
      nfiles: 19
    - path: Dockerfile-lock.json
      hash: md5
      md5: 78c4abfbc49f62835aebd8064104af3a
      size: 2077
    - path: plot.py
      hash: md5
      md5: ce7e27bd5ab6aa407723c4002889a705
      size: 3744
    - path: pyrvatrd/plotting.py
      hash: md5
      md5: a752d7c0523690d4f04f18b03d8b82a5
      size: 50282
    - path: pyrvatrd/processing.py
      hash: md5
      md5: 2a73dcddac5770ae41133cab673412dd
      size: 36057
    outs:
    - path: Figures/cd_curves.pdf
      hash: md5
      md5: 2df7473fb0f71c6f551f064dc10c8b60
      size: 16704
    - path: Figures/cp_curves.pdf
      hash: md5
      md5: e570c40d1c1b33c250418adb061341a1
      size: 17390
  plot-wake-profiles:
    cmd: calkit runenv -n main python plot.py wake_profiles --save --no-show
    deps:
    - path: Data/Processed
      hash: md5
      md5: 4cb84fd93aad3d6f879c240458d624ae.dir
      size: 1312275
      nfiles: 19
    - path: Dockerfile-lock.json
      hash: md5
      md5: 78c4abfbc49f62835aebd8064104af3a
      size: 2077
    - path: plot.py
      hash: md5
      md5: ce7e27bd5ab6aa407723c4002889a705
      size: 3744
    - path: pyrvatrd/plotting.py
      hash: md5
      md5: a752d7c0523690d4f04f18b03d8b82a5
      size: 50282
    - path: pyrvatrd/processing.py
      hash: md5
      md5: 2a73dcddac5770ae41133cab673412dd
      size: 36057
    outs:
    - path: Figures/mean_u_k_profiles.pdf
      hash: md5
      md5: 31018540bcce8c6d9ff30c34e8a38702
      size: 21762
  plot-k-bar-graph:
    cmd: calkit runenv -n main python plot.py k_bar_graph --save --no-show
    deps:
    - path: Data/Processed
      hash: md5
      md5: 4cb84fd93aad3d6f879c240458d624ae.dir
      size: 1312275
      nfiles: 19
    - path: Dockerfile-lock.json
      hash: md5
      md5: 78c4abfbc49f62835aebd8064104af3a
      size: 2077
    - path: plot.py
      hash: md5
      md5: ce7e27bd5ab6aa407723c4002889a705
      size: 3744
    - path: pyrvatrd/plotting.py
      hash: md5
      md5: a752d7c0523690d4f04f18b03d8b82a5
      size: 50282
    - path: pyrvatrd/processing.py
      hash: md5
      md5: 2a73dcddac5770ae41133cab673412dd
      size: 36057
    outs:
    - path: Figures/K_trans_bar_graph.pdf
      hash: md5
      md5: 0e01c1976c2d35bbaf98ed0f0c869030
      size: 18522
  plot-mom-bar-graph:
    cmd: calkit runenv -n main python plot.py mom_bar_graph --save --no-show
    deps:
    - path: Data/Processed
      hash: md5
      md5: 4cb84fd93aad3d6f879c240458d624ae.dir
      size: 1312275
      nfiles: 19
    - path: Dockerfile-lock.json
      hash: md5
      md5: 78c4abfbc49f62835aebd8064104af3a
      size: 2077
    - path: plot.py
      hash: md5
      md5: ce7e27bd5ab6aa407723c4002889a705
      size: 3744
    - path: pyrvatrd/plotting.py
      hash: md5
      md5: a752d7c0523690d4f04f18b03d8b82a5
      size: 50282
    - path: pyrvatrd/processing.py
      hash: md5
      md5: 2a73dcddac5770ae41133cab673412dd
      size: 36057
    outs:
    - path: Figures/mom_bar_graph.pdf
      hash: md5
      md5: 7ce95bef917ff0bfdd614815a95314d6
      size: 19757
  plot-mean-cont-quiv:
    cmd: calkit runenv -n main python plot.py all_meancontquiv --save --no-show
    deps:
    - path: Data/Processed
      hash: md5
      md5: 4cb84fd93aad3d6f879c240458d624ae.dir
      size: 1312275
      nfiles: 19
    - path: Dockerfile-lock.json
      hash: md5
      md5: 78c4abfbc49f62835aebd8064104af3a
      size: 2077
    - path: plot.py
      hash: md5
      md5: ce7e27bd5ab6aa407723c4002889a705
      size: 3744
    - path: pyrvatrd/plotting.py
      hash: md5
      md5: a752d7c0523690d4f04f18b03d8b82a5
      size: 50282
    - path: pyrvatrd/processing.py
      hash: md5
      md5: 2a73dcddac5770ae41133cab673412dd
      size: 36057
    outs:
    - path: Figures/meancontquiv_04.pdf
      hash: md5
      md5: b68a61f699339fcbae871a58b2b0be33
      size: 42045
    - path: Figures/meancontquiv_06.pdf
      hash: md5
      md5: 398eafa112cf05f4f518e9c238d47fe6
      size: 41918
    - path: Figures/meancontquiv_08.pdf
      hash: md5
      md5: 182efbf8c5037516d7d11e7291b7f6d1
      size: 42408
    - path: Figures/meancontquiv_10.pdf
      hash: md5
      md5: 2022e4431e18d6d4669979c8027f7722
      size: 42396
    - path: Figures/meancontquiv_12.pdf
      hash: md5
      md5: d2f3726facf24d4312337bd9931dd445
      size: 42439
  plot-k-contours:
    cmd: calkit runenv -n main python plot.py all_kcont --save --no-show
    deps:
    - path: Data/Processed
      hash: md5
      md5: 4cb84fd93aad3d6f879c240458d624ae.dir
      size: 1312275
      nfiles: 19
    - path: Dockerfile-lock.json
      hash: md5
      md5: 78c4abfbc49f62835aebd8064104af3a
      size: 2077
    - path: plot.py
      hash: md5
      md5: ce7e27bd5ab6aa407723c4002889a705
      size: 3744
    - path: pyrvatrd/plotting.py
      hash: md5
      md5: a752d7c0523690d4f04f18b03d8b82a5
      size: 50282
    - path: pyrvatrd/processing.py
      hash: md5
      md5: 2a73dcddac5770ae41133cab673412dd
      size: 36057
    outs:
    - path: Figures/k_contours_04.pdf
      hash: md5
      md5: 2908fd7abb376a8f3caf5e50b431937b
      size: 20188
    - path: Figures/k_contours_06.pdf
      hash: md5
      md5: c6d171fe786fd6272121316ba20de5c6
      size: 20439
    - path: Figures/k_contours_08.pdf
      hash: md5
      md5: 3a57607d094dc2aeac09955e590e80cd
      size: 20178
    - path: Figures/k_contours_10.pdf
      hash: md5
      md5: 482909a6cb5be138b2c07380e4655335
      size: 20043
    - path: Figures/k_contours_12.pdf
      hash: md5
      md5: 9da57f8f4ad604adea98e7ac915112df
      size: 20060
  plot-wake-spectra:
    cmd: calkit runenv -n main python plot.py multi_spec --save --no-show
    deps:
    - path: Data/Processed
      hash: md5
      md5: 4cb84fd93aad3d6f879c240458d624ae.dir
      size: 1312275
      nfiles: 19
    - path: Data/Raw
      hash: md5
      md5: 970e0acbd8d7a5eb227fef633505d52c.dir
      size: 138176361
      nfiles: 42
    - path: Dockerfile-lock.json
      hash: md5
      md5: 78c4abfbc49f62835aebd8064104af3a
      size: 2077
    - path: plot.py
      hash: md5
      md5: ce7e27bd5ab6aa407723c4002889a705
      size: 3744
    - path: pyrvatrd/plotting.py
      hash: md5
      md5: a752d7c0523690d4f04f18b03d8b82a5
      size: 50282
    - path: pyrvatrd/processing.py
      hash: md5
      md5: 2a73dcddac5770ae41133cab673412dd
      size: 36057
    outs:
    - path: Figures/wake_spectra.pdf
      hash: md5
      md5: ecac7d7277215500e0d970629d87d388
      size: 152032
  plot-wake-trans-totals:
    cmd: calkit runenv -n main python plot.py wake_trans_totals --save --no-show
    deps:
    - path: Data/Processed
      hash: md5
      md5: 4cb84fd93aad3d6f879c240458d624ae.dir
      size: 1312275
      nfiles: 19
    - path: Dockerfile-lock.json
      hash: md5
      md5: 78c4abfbc49f62835aebd8064104af3a
      size: 2077
    - path: plot.py
      hash: md5
      md5: ce7e27bd5ab6aa407723c4002889a705
      size: 3744
    - path: pyrvatrd/plotting.py
      hash: md5
      md5: a752d7c0523690d4f04f18b03d8b82a5
      size: 50282
    - path: pyrvatrd/processing.py
      hash: md5
      md5: 2a73dcddac5770ae41133cab673412dd
      size: 36057
    outs:
    - path: Figures/wake_trans_totals.pdf
      hash: md5
      md5: 3bd0e9905016eacf423ec60411380603
      size: 16244
  make-vel-unc-table:
    cmd: calkit runenv -n main python plot.py vel_unc_table --save --no-show
    deps:
    - path: Data/Processed
      hash: md5
      md5: 4cb84fd93aad3d6f879c240458d624ae.dir
      size: 1312275
      nfiles: 19
    - path: Dockerfile-lock.json
      hash: md5
      md5: 78c4abfbc49f62835aebd8064104af3a
      size: 2077
    - path: plot.py
      hash: md5
      md5: ce7e27bd5ab6aa407723c4002889a705
      size: 3744
    - path: pyrvatrd/plotting.py
      hash: md5
      md5: a752d7c0523690d4f04f18b03d8b82a5
      size: 50282
    - path: pyrvatrd/processing.py
      hash: md5
      md5: 2a73dcddac5770ae41133cab673412dd
      size: 36057
    outs:
    - path: Tables/mean_vel_unc.csv
      hash: md5
      md5: 8e68638c11bd9be2282a0bab41fd7494
      size: 423
    - path: Tables/mean_vel_unc.tex
      hash: md5
      md5: f27ad5b71a4b57da9bdf1ff45865c56c
      size: 564
  check-conda-env:
    cmd: calkit check-conda-env -f environment.yml
    deps:
    - path: environment.yml
      hash: md5
      md5: cbbe0dc38db18c45860432c3f8d1dfe3
      size: 171
    outs:
    - path: environment-lock.yml
      hash: md5
      md5: 9e670a69d6a67b5674fc1025a35e1a0d
      size: 4156
